
Microsoft Visual Studio Solution File, Format Version 12.00
# Visual Studio Version 16
VisualStudioVersion = 16.0.30320.27
MinimumVisualStudioVersion = 10.0.40219.1
Project("{FAE04EC0-301F-11D3-BF4B-00C04F79EFBC}") = "ExerciseAngular", "ExerciseAngular\ExerciseAngular.csproj", "{906416EF-69A8-4373-A368-D94B68294ADC}"
EndProject
Global
	GlobalSection(SolutionConfigurationPlatforms) = preSolution
		Debug|Any CPU = Debug|Any CPU
		Release|Any CPU = Release|Any CPU
	EndGlobalSection
	GlobalSection(ProjectConfigurationPlatforms) = postSolution
		{906416EF-69A8-4373-A368-D94B68294ADC}.Debug|Any CPU.ActiveCfg = Debug|Any CPU
		{906416EF-69A8-4373-A368-D94B68294ADC}.Debug|Any CPU.Build.0 = Debug|Any CPU
		{906416EF-69A8-4373-A368-D94B68294ADC}.Release|Any CPU.ActiveCfg = Release|Any CPU
		{906416EF-69A8-4373-A368-D94B68294ADC}.Release|Any CPU.Build.0 = Release|Any CPU
	EndGlobalSection
	GlobalSection(SolutionProperties) = preSolution
		HideSolutionNode = FALSE
	EndGlobalSection
	GlobalSection(ExtensibilityGlobals) = postSolution
		SolutionGuid = {EED10A1E-79F4-4DDD-A793-1F979A60D12F}
	EndGlobalSection
EndGlobal
